// !$*UTF8*$!
{
	archiveVersion = 1;
	classes = {
	};
	objectVersion = 50;
	objects = {

/* Begin PBXBuildFile section */
		EC605C04208BA6B9006F71AD /* GVertex.swift in Sources */ = {isa = PBXBuildFile; fileRef = EC605C03208BA6B9006F71AD /* GVertex.swift */; };
		EC605C06208BB32C006F71AD /* g.metal in Sources */ = {isa = PBXBuildFile; fileRef = EC605C05208BB32C006F71AD /* g.metal */; };
		EC8C262A2094FE2F0079F7E9 /* GUniforms.swift in Sources */ = {isa = PBXBuildFile; fileRef = EC8C26292094FE2F0079F7E9 /* GUniforms.swift */; };
		ECA47AAB208A81E000DC2C61 /* AppDelegate.swift in Sources */ = {isa = PBXBuildFile; fileRef = ECA47AAA208A81E000DC2C61 /* AppDelegate.swift */; };
		ECA47AAD208A81E000DC2C61 /* ViewController.swift in Sources */ = {isa = PBXBuildFile; fileRef = ECA47AAC208A81E000DC2C61 /* ViewController.swift */; };
		ECA47AB0208A81E000DC2C61 /* Main.storyboard in Resources */ = {isa = PBXBuildFile; fileRef = ECA47AAE208A81E000DC2C61 /* Main.storyboard */; };
		ECA47AB2208A81E100DC2C61 /* Assets.xcassets in Resources */ = {isa = PBXBuildFile; fileRef = ECA47AB1208A81E100DC2C61 /* Assets.xcassets */; };
		ECA47AB5208A81E100DC2C61 /* LaunchScreen.storyboard in Resources */ = {isa = PBXBuildFile; fileRef = ECA47AB3208A81E100DC2C61 /* LaunchScreen.storyboard */; };
		ECA47ABD208A826600DC2C61 /* GMetalView.swift in Sources */ = {isa = PBXBuildFile; fileRef = ECA47ABC208A826600DC2C61 /* GMetalView.swift */; };
/* End PBXBuildFile section */

/* Begin PBXFileReference section */
		EC605C03208BA6B9006F71AD /* GVertex.swift */ = {isa = PBXFileReference; lastKnownFileType = sourcecode.swift; path = GVertex.swift; sourceTree = "<group>"; };
		EC605C05208BB32C006F71AD /* g.metal */ = {isa = PBXFileReference; lastKnownFileType = sourcecode.metal; path = g.metal; sourceTree = "<group>"; };
		EC8C26292094FE2F0079F7E9 /* GUniforms.swift */ = {isa = PBXFileReference; lastKnownFileType = sourcecode.swift; path = GUniforms.swift; sourceTree = "<group>"; };
		ECA47AA7208A81E000DC2C61 /* metal01.app */ = {isa = PBXFileReference; explicitFileType = wrapper.application; includeInIndex = 0; path = metal01.app; sourceTree = BUILT_PRODUCTS_DIR; };
		ECA47AAA208A81E000DC2C61 /* AppDelegate.swift */ = {isa = PBXFileReference; lastKnownFileType = sourcecode.swift; path = AppDelegate.swift; sourceTree = "<group>"; };
		ECA47AAC208A81E000DC2C61 /* ViewController.swift */ = {isa = PBXFileReference; lastKnownFileType = sourcecode.swift; path = ViewController.swift; sourceTree = "<group>"; };
		ECA47AAF208A81E000DC2C61 /* Base */ = {isa = PBXFileReference; lastKnownFileType = file.storyboard; name = Base; path = Base.lproj/Main.storyboard; sourceTree = "<group>"; };
		ECA47AB1208A81E100DC2C61 /* Assets.xcassets */ = {isa = PBXFileReference; lastKnownFileType = folder.assetcatalog; path = Assets.xcassets; sourceTree = "<group>"; };
		ECA47AB4208A81E100DC2C61 /* Base */ = {isa = PBXFileReference; lastKnownFileType = file.storyboard; name = Base; path = Base.lproj/LaunchScreen.storyboard; sourceTree = "<group>"; };
		ECA47AB6208A81E100DC2C61 /* Info.plist */ = {isa = PBXFileReference; lastKnownFileType = text.plist.xml; path = Info.plist; sourceTree = "<group>"; };
		ECA47ABC208A826600DC2C61 /* GMetalView.swift */ = {isa = PBXFileReference; lastKnownFileType = sourcecode.swift; path = GMetalView.swift; sourceTree = "<group>"; };
/* End PBXFileReference section */

/* Begin PBXFrameworksBuildPhase section */
		ECA47AA4208A81E000DC2C61 /* Frameworks */ = {
			isa = PBXFrameworksBuildPhase;
			buildActionMask = 2147483647;
			files = (
			);
			runOnlyForDeploymentPostprocessing = 0;
		};
/* End PBXFrameworksBuildPhase section */

/* Begin PBXGroup section */
		ECA47A9E208A81E000DC2C61 = {
			isa = PBXGroup;
			children = (
				ECA47AA9208A81E000DC2C61 /* metal01 */,
				ECA47AA8208A81E000DC2C61 /* Products */,
			);
			sourceTree = "<group>";
		};
		ECA47AA8208A81E000DC2C61 /* Products */ = {
			isa = PBXGroup;
			children = (
				ECA47AA7208A81E000DC2C61 /* metal01.app */,
			);
			name = Products;
			sourceTree = "<group>";
		};
		ECA47AA9208A81E000DC2C61 /* metal01 */ = {
			isa = PBXGroup;
			children = (
				ECA47AAA208A81E000DC2C61 /* AppDelegate.swift */,
				ECA47AAC208A81E000DC2C61 /* ViewController.swift */,
				ECA47AAE208A81E000DC2C61 /* Main.storyboard */,
				ECA47AB1208A81E100DC2C61 /* Assets.xcassets */,
				ECA47AB3208A81E100DC2C61 /* LaunchScreen.storyboard */,
				ECA47AB6208A81E100DC2C61 /* Info.plist */,
				ECA47ABC208A826600DC2C61 /* GMetalView.swift */,
				EC605C03208BA6B9006F71AD /* GVertex.swift */,
				EC605C05208BB32C006F71AD /* g.metal */,
				EC8C26292094FE2F0079F7E9 /* GUniforms.swift */,
			);
			path = metal01;
			sourceTree = "<group>";
		};
/* End PBXGroup section */

/* Begin PBXNativeTarget section */
		ECA47AA6208A81E000DC2C61 /* metal01 */ = {
			isa = PBXNativeTarget;
			buildConfigurationList = ECA47AB9208A81E100DC2C61 /* Build configuration list for PBXNativeTarget "metal01" */;
			buildPhases = (
				ECA47AA3208A81E000DC2C61 /* Sources */,
				ECA47AA4208A81E000DC2C61 /* Frameworks */,
				ECA47AA5208A81E000DC2C61 /* Resources */,
			);
			buildRules = (
			);
			dependencies = (
			);
			name = metal01;
			productName = metal01;
			productReference = ECA47AA7208A81E000DC2C61 /* metal01.app */;
			productType = "com.apple.product-type.application";
		};
/* End PBXNativeTarget section */

/* Begin PBXProject section */
		ECA47A9F208A81E000DC2C61 /* Project object */ = {
			isa = PBXProject;
			attributes = {
				LastSwiftUpdateCheck = 0930;
				LastUpgradeCheck = 0930;
				ORGANIZATIONNAME = "LEE CHUL HYUN";
				TargetAttributes = {
					ECA47AA6208A81E000DC2C61 = {
						CreatedOnToolsVersion = 9.3;
					};
				};
			};
			buildConfigurationList = ECA47AA2208A81E000DC2C61 /* Build configuration list for PBXProject "metal01" */;
			compatibilityVersion = "Xcode 9.3";
			developmentRegion = en;
			hasScannedForEncodings = 0;
			knownRegions = (
				en,
				Base,
			);
			mainGroup = ECA47A9E208A81E000DC2C61;
			productRefGroup = ECA47AA8208A81E000DC2C61 /* Products */;
			projectDirPath = "";
			projectRoot = "";
			targets = (
				ECA47AA6208A81E000DC2C61 /* metal01 */,
			);
		};
/* End PBXProject section */

/* Begin PBXResourcesBuildPhase section */
		ECA47AA5208A81E000DC2C61 /* Resources */ = {
			isa = PBXResourcesBuildPhase;
			buildActionMask = 2147483647;
			files = (
				ECA47AB5208A81E100DC2C61 /* LaunchScreen.storyboard in Resources */,
				ECA47AB2208A81E100DC2C61 /* Assets.xcassets in Resources */,
				ECA47AB0208A81E000DC2C61 /* Main.storyboard in Resources */,
			);
			runOnlyForDeploymentPostprocessing = 0;
		};
/* End PBXResourcesBuildPhase section */

/* Begin PBXSourcesBuildPhase section */
		ECA47AA3208A81E000DC2C61 /* Sources */ = {
			isa = PBXSourcesBuildPhase;
			buildActionMask = 2147483647;
			files = (
				ECA47ABD208A826600DC2C61 /* GMetalView.swift in Sources */,
				EC605C04208BA6B9006F71AD /* GVertex.swift in Sources */,
				ECA47AAD208A81E000DC2C61 /* ViewController.swift in Sources */,
				EC605C06208BB32C006F71AD /* g.metal in Sources */,
				EC8C262A2094FE2F0079F7E9 /* GUniforms.swift in Sources */,
				ECA47AAB208A81E000DC2C61 /* AppDelegate.swift in Sources */,
			);
			runOnlyForDeploymentPostprocessing = 0;
		};
/* End PBXSourcesBuildPhase section */

/* Begin PBXVariantGroup section */
		ECA47AAE208A81E000DC2C61 /* Main.storyboard */ = {
			isa = PBXVariantGroup;
			children = (
				ECA47AAF208A81E000DC2C61 /* Base */,
			);
			name = Main.storyboard;
			sourceTree = "<group>";
		};
		ECA47AB3208A81E100DC2C61 /* LaunchScreen.storyboard */ = {
			isa = PBXVariantGroup;
			children = (
				ECA47AB4208A81E100DC2C61 /* Base */,
			);
			name = LaunchScreen.storyboard;
			sourceTree = "<group>";
		};
/* End PBXVariantGroup section */

/* Begin XCBuildConfiguration section */
		ECA47AB7208A81E100DC2C61 /* Debug */ = {
			isa = XCBuildConfiguration;
			buildSettings = {
				ALWAYS_SEARCH_USER_PATHS = NO;
				CLANG_ANALYZER_NONNULL = YES;
				CLANG_ANALYZER_NUMBER_OBJECT_CONVERSION = YES_AGGRESSIVE;
				CLANG_CXX_LANGUAGE_STANDARD = "gnu++14";
				CLANG_CXX_LIBRARY = "libc++";
				CLANG_ENABLE_MODULES = YES;
				CLANG_ENABLE_OBJC_ARC = YES;
				CLANG_ENABLE_OBJC_WEAK = YES;
				CLANG_WARN_BLOCK_CAPTURE_AUTORELEASING = YES;
				CLANG_WARN_BOOL_CONVERSION = YES;
				CLANG_WARN_COMMA = YES;
				CLANG_WARN_CONSTANT_CONVERSION = YES;
				CLANG_WARN_DEPRECATED_OBJC_IMPLEMENTATIONS = YES;
				CLANG_WARN_DIRECT_OBJC_ISA_USAGE = YES_ERROR;
				CLANG_WARN_DOCUMENTATION_COMMENTS = YES;
				CLANG_WARN_EMPTY_BODY = YES;
				CLANG_WARN_ENUM_CONVERSION = YES;
				CLANG_WARN_INFINITE_RECURSION = YES;
				CLANG_WARN_INT_CONVERSION = YES;
				CLANG_WARN_NON_LITERAL_NULL_CONVERSION = YES;
				CLANG_WARN_OBJC_IMPLICIT_RETAIN_SELF = YES;
				CLANG_WARN_OBJC_LITERAL_CONVERSION = YES;
				CLANG_WARN_OBJC_ROOT_CLASS = YES_ERROR;
				CLANG_WARN_RANGE_LOOP_ANALYSIS = YES;
				CLANG_WARN_STRICT_PROTOTYPES = YES;
				CLANG_WARN_SUSPICIOUS_MOVE = YES;
				CLANG_WARN_UNGUARDED_AVAILABILITY = YES_AGGRESSIVE;
				CLANG_WARN_UNREACHABLE_CODE = YES;
				CLANG_WARN__DUPLICATE_METHOD_MATCH = YES;
				CODE_SIGN_IDENTITY = "iPhone Developer";
				COPY_PHASE_STRIP = NO;
				DEBUG_INFORMATION_FORMAT = dwarf;
				ENABLE_STRICT_OBJC_MSGSEND = YES;
				ENABLE_TESTABILITY = YES;
				GCC_C_LANGUAGE_STANDARD = gnu11;
				GCC_DYNAMIC_NO_PIC = NO;
				GCC_NO_COMMON_BLOCKS = YES;
				GCC_OPTIMIZATION_LEVEL = 0;
				GCC_PREPROCESSOR_DEFINITIONS = (
					"DEBUG=1",
					"$(inherited)",
				);
				GCC_WARN_64_TO_32_BIT_CONVERSION = YES;
				GCC_WARN_ABOUT_RETURN_TYPE = YES_ERROR;
				GCC_WARN_UNDECLARED_SELECTOR = YES;
				GCC_WARN_UNINITIALIZED_AUTOS = YES_AGGRESSIVE;
				GCC_WARN_UNUSED_FUNCTION = YES;
				GCC_WARN_UNUSED_VARIABLE = YES;
				IPHONEOS_DEPLOYMENT_TARGET = 11.3;
				MTL_ENABLE_DEBUG_INFO = YES;
				ONLY_ACTIVE_ARCH = YES;
				SDKROOT = iphoneos;
				SWIFT_ACTIVE_COMPILATION_CONDITIONS = DEBUG;
				SWIFT_OPTIMIZATION_LEVEL = "-Onone";
			};
			name = Debug;
		};
		ECA47AB8208A81E100DC2C61 /* Release */ = {
			isa = XCBuildConfiguration;
			buildSettings = {
				ALWAYS_SEARCH_USER_PATHS = NO;
				CLANG_ANALYZER_NONNULL = YES;
				CLANG_ANALYZER_NUMBER_OBJECT_CONVERSION = YES_AGGRESSIVE;
				CLANG_CXX_LANGUAGE_STANDARD = "gnu++14";
				CLANG_CXX_LIBRARY = "libc++";
				CLANG_ENABLE_MODULES = YES;
				CLANG_ENABLE_OBJC_ARC = YES;
				CLANG_ENABLE_OBJC_WEAK = YES;
				CLANG_WARN_BLOCK_CAPTURE_AUTORELEASING = YES;
				CLANG_WARN_BOOL_CONVERSION = YES;
				CLANG_WARN_COMMA = YES;
				CLANG_WARN_CONSTANT_CONVERSION = YES;
				CLANG_WARN_DEPRECATED_OBJC_IMPLEMENTATIONS = YES;
				CLANG_WARN_DIRECT_OBJC_ISA_USAGE = YES_ERROR;
				CLANG_WARN_DOCUMENTATION_COMMENTS = YES;
				CLANG_WARN_EMPTY_BODY = YES;
				CLANG_WARN_ENUM_CONVERSION = YES;
				CLANG_WARN_INFINITE_RECURSION = YES;
				CLANG_WARN_INT_CONVERSION = YES;
				CLANG_WARN_NON_LITERAL_NULL_CONVERSION = YES;
				CLANG_WARN_OBJC_IMPLICIT_RETAIN_SELF = YES;
				CLANG_WARN_OBJC_LITERAL_CONVERSION = YES;
				CLANG_WARN_OBJC_ROOT_CLASS = YES_ERROR;
				CLANG_WARN_RANGE_LOOP_ANALYSIS = YES;
				CLANG_WARN_STRICT_PROTOTYPES = YES;
				CLANG_WARN_SUSPICIOUS_MOVE = YES;
				CLANG_WARN_UNGUARDED_AVAILABILITY = YES_AGGRESSIVE;
				CLANG_WARN_UNREACHABLE_CODE = YES;
				CLANG_WARN__DUPLICATE_METHOD_MATCH = YES;
				CODE_SIGN_IDENTITY = "iPhone Developer";
				COPY_PHASE_STRIP = NO;
				DEBUG_INFORMATION_FORMAT = "dwarf-with-dsym";
				ENABLE_NS_ASSERTIONS = NO;
				ENABLE_STRICT_OBJC_MSGSEND = YES;
				GCC_C_LANGUAGE_STANDARD = gnu11;
				GCC_NO_COMMON_BLOCKS = YES;
				GCC_WARN_64_TO_32_BIT_CONVERSION = YES;
				GCC_WARN_ABOUT_RETURN_TYPE = YES_ERROR;
				GCC_WARN_UNDECLARED_SELECTOR = YES;
				GCC_WARN_UNINITIALIZED_AUTOS = YES_AGGRESSIVE;
				GCC_WARN_UNUSED_FUNCTION = YES;
				GCC_WARN_UNUSED_VARIABLE = YES;
				IPHONEOS_DEPLOYMENT_TARGET = 11.3;
				MTL_ENABLE_DEBUG_INFO = NO;
				SDKROOT = iphoneos;
				SWIFT_COMPILATION_MODE = wholemodule;
				SWIFT_OPTIMIZATION_LEVEL = "-O";
				VALIDATE_PRODUCT = YES;
			};
			name = Release;
		};
		ECA47ABA208A81E100DC2C61 /* Debug */ = {
			isa = XCBuildConfiguration;
			buildSettings = {
				ASSETCATALOG_COMPILER_APPICON_NAME = AppIcon;
				CODE_SIGN_STYLE = Automatic;
				DEVELOPMENT_TEAM = WD3LPJ2STX;
				INFOPLIST_FILE = metal01/Info.plist;
				LD_RUNPATH_SEARCH_PATHS = (
					"$(inherited)",
					"@executable_path/Frameworks",
				);
				PRODUCT_BUNDLE_IDENTIFIER = g.metal01;
				PRODUCT_NAME = "$(TARGET_NAME)";
				SWIFT_VERSION = 4.0;
				TARGETED_DEVICE_FAMILY = "1,2";
			};
			name = Debug;
		};
		ECA47ABB208A81E100DC2C61 /* Release */ = {
			isa = XCBuildConfiguration;
			buildSettings = {
				ASSETCATALOG_COMPILER_APPICON_NAME = AppIcon;
				CODE_SIGN_STYLE = Automatic;
				DEVELOPMENT_TEAM = WD3LPJ2STX;
				INFOPLIST_FILE = metal01/Info.plist;
				LD_RUNPATH_SEARCH_PATHS = (
					"$(inherited)",
					"@executable_path/Frameworks",
				);
				PRODUCT_BUNDLE_IDENTIFIER = g.metal01;
				PRODUCT_NAME = "$(TARGET_NAME)";
				SWIFT_VERSION = 4.0;
				TARGETED_DEVICE_FAMILY = "1,2";
			};
			name = Release;
		};
/* End XCBuildConfiguration section */

/* Begin XCConfigurationList section */
		ECA47AA2208A81E000DC2C61 /* Build configuration list for PBXProject "metal01" */ = {
			isa = XCConfigurationList;
			buildConfigurations = (
				ECA47AB7208A81E100DC2C61 /* Debug */,
				ECA47AB8208A81E100DC2C61 /* Release */,
			);
			defaultConfigurationIsVisible = 0;
			defaultConfigurationName = Release;
		};
		ECA47AB9208A81E100DC2C61 /* Build configuration list for PBXNativeTarget "metal01" */ = {
			isa = XCConfigurationList;
			buildConfigurations = (
				ECA47ABA208A81E100DC2C61 /* Debug */,
				ECA47ABB208A81E100DC2C61 /* Release */,
			);
			defaultConfigurationIsVisible = 0;
			defaultConfigurationName = Release;
		};
/* End XCConfigurationList section */
	};
	rootObject = ECA47A9F208A81E000DC2C61 /* Project object */;
}
